<?xml version="1.0" encoding="utf-8"?>
<Project ToolsVersion="4.0" xmlns="http://schemas.microsoft.com/developer/msbuild/2003">
  <ItemGroup>
    <Filter Include="Source Files">
      <UniqueIdentifier>{4FC737F1-C7A5-4376-A066-2A32D752A2FF}</UniqueIdentifier>
      <Extensions>cpp;c;cc;cxx;c++;cppm;ixx;def;odl;idl;hpj;bat;asm;asmx</Extensions>
    </Filter>
    <Filter Include="Header Files">
      <UniqueIdentifier>{93995380-89BD-4b04-88EB-625FBE52EBFB}</UniqueIdentifier>
      <Extensions>h;hh;hpp;hxx;h++;hm;inl;inc;ipp;xsd</Extensions>
    </Filter>
    <Filter Include="Resource Files">
      <UniqueIdentifier>{67DA6AB6-F800-4c08-8B7A-83BB121AAD01}</UniqueIdentifier>
      <Extensions>rc;ico;cur;bmp;dlg;rc2;rct;bin;rgs;gif;jpg;jpeg;jpe;resx;tiff;tif;png;wav;mfcribbon-ms</Extensions>
    </Filter>
    <Filter Include="Header Files\Game Object">
      <UniqueIdentifier>{b06f3a46-768f-487c-b650-6e6a00ec146c}</UniqueIdentifier>
    </Filter>
    <Filter Include="Source Files\Game Object">
      <UniqueIdentifier>{5c7e6012-bf53-4235-a37b-44f286fea9c5}</UniqueIdentifier>
    </Filter>
    <Filter Include="Header Files\Behaviour Pattern">
      <UniqueIdentifier>{98fb368c-90d4-4299-bd49-5ab2dfe58b45}</UniqueIdentifier>
    </Filter>
    <Filter Include="Source Files\Behaviour Pattern">
      <UniqueIdentifier>{2bc10e32-fd99-42e0-9d09-a85cedd256b8}</UniqueIdentifier>
    </Filter>
    <Filter Include="Header Files\Building Types">
      <UniqueIdentifier>{b7bfc057-dbd6-4d13-91b3-6ba7251a5a57}</UniqueIdentifier>
    </Filter>
    <Filter Include="Source Files\Building Types">
      <UniqueIdentifier>{561275a6-2c2d-474e-9aa5-f6e32d564cd3}</UniqueIdentifier>
    </Filter>
  </ItemGroup>
  <ItemGroup>
    <ClCompile Include="src\main.cpp">
      <Filter>Source Files</Filter>
    </ClCompile>
    <ClCompile Include="src\game.cpp">
      <Filter>Source Files</Filter>
    </ClCompile>
    <ClCompile Include="src\Bullet.cpp">
      <Filter>Source Files\Game Object</Filter>
    </ClCompile>
    <ClCompile Include="src\Enemy.cpp">
      <Filter>Source Files\Game Object</Filter>
    </ClCompile>
    <ClCompile Include="src\GameObject.cpp">
      <Filter>Source Files\Game Object</Filter>
    </ClCompile>
    <ClCompile Include="src\NPC.cpp">
      <Filter>Source Files\Game Object</Filter>
    </ClCompile>
    <ClCompile Include="src\Player.cpp">
      <Filter>Source Files\Game Object</Filter>
    </ClCompile>
    <ClCompile Include="src\OffensiveBehaviour.cpp">
      <Filter>Source Files\Behaviour Pattern</Filter>
    </ClCompile>
    <ClCompile Include="src\DefensiveBehaviour.cpp">
      <Filter>Source Files\Behaviour Pattern</Filter>
    </ClCompile>
    <ClCompile Include="src\Supply.cpp">
      <Filter>Source Files\Game Object</Filter>
    </ClCompile>
    <ClCompile Include="src\Building.cpp">
      <Filter>Source Files\Game Object</Filter>
    </ClCompile>
    <ClCompile Include="src\BuildingType.cpp">
      <Filter>Source Files\Building Types</Filter>
    </ClCompile>
    <ClCompile Include="src\Bunks.cpp">
      <Filter>Source Files\Building Types</Filter>
    </ClCompile>
    <ClCompile Include="src\SupplyShed.cpp">
      <Filter>Source Files\Building Types</Filter>
    </ClCompile>
    <ClCompile Include="src\Barracks.cpp">
      <Filter>Source Files\Building Types</Filter>
    </ClCompile>
    <ClCompile Include="src\SleepingBag.cpp">
      <Filter>Source Files\Building Types</Filter>
    </ClCompile>
    <ClCompile Include="src\Button.cpp">
      <Filter>Source Files</Filter>
    </ClCompile>
    <ClCompile Include="src\Saloon.cpp">
      <Filter>Source Files</Filter>
    </ClCompile>
  </ItemGroup>
  <ItemGroup>
    <ClInclude Include="include\game.h">
      <Filter>Header Files</Filter>
    </ClInclude>
    <ClInclude Include="include\globals.h">
      <Filter>Header Files</Filter>
    </ClInclude>
    <ClInclude Include="include\Bullet.h">
      <Filter>Header Files\Game Object</Filter>
    </ClInclude>
    <ClInclude Include="include\Enemy.h">
      <Filter>Header Files\Game Object</Filter>
    </ClInclude>
    <ClInclude Include="include\GameObject.h">
      <Filter>Header Files\Game Object</Filter>
    </ClInclude>
    <ClInclude Include="include\NPC.h">
      <Filter>Header Files\Game Object</Filter>
    </ClInclude>
    <ClInclude Include="include\Player.h">
      <Filter>Header Files\Game Object</Filter>
    </ClInclude>
    <ClInclude Include="include\NPCBehaviour.h">
      <Filter>Header Files\Behaviour Pattern</Filter>
    </ClInclude>
    <ClInclude Include="include\OffensiveBehaviour.h">
      <Filter>Header Files\Behaviour Pattern</Filter>
    </ClInclude>
    <ClInclude Include="include\DefensiveBehaviour.h">
      <Filter>Header Files\Behaviour Pattern</Filter>
    </ClInclude>
    <ClInclude Include="include\Supply.h">
      <Filter>Header Files\Game Object</Filter>
    </ClInclude>
    <ClInclude Include="include\Building.h">
      <Filter>Header Files\Game Object</Filter>
    </ClInclude>
    <ClInclude Include="include\BuildingType.h">
      <Filter>Header Files\Building Types</Filter>
    </ClInclude>
    <ClInclude Include="include\Bunks.h">
      <Filter>Header Files\Building Types</Filter>
    </ClInclude>
    <ClInclude Include="include\Barracks.h">
      <Filter>Header Files\Building Types</Filter>
    </ClInclude>
    <ClInclude Include="include\SupplyShed.h">
      <Filter>Header Files\Building Types</Filter>
    </ClInclude>
    <ClInclude Include="include\SleepingBag.h">
      <Filter>Header Files\Building Types</Filter>
    </ClInclude>
    <ClInclude Include="include\Button.h">
      <Filter>Header Files</Filter>
    </ClInclude>
    <ClInclude Include="include\Saloon.h">
      <Filter>Header Files</Filter>
    </ClInclude>
  </ItemGroup>
</Project>